
Microsoft Visual Studio Solution File, Format Version 12.00
# Visual Studio Version 16
VisualStudioVersion = 16.0.31205.134
MinimumVisualStudioVersion = 10.0.40219.1
Project("{8BC9CEB8-8B4A-11D0-8D11-00A0C91BC942}") = "NapoleonEngineV2", "NapoleonEngineV2\NapoleonEngineV2.vcxproj", "{1C6A625D-0F80-41FD-AE24-B693668BED28}"
EndProject
Project("{8BC9CEB8-8B4A-11D0-8D11-00A0C91BC942}") = "QBert", "QBert\QBert.vcxproj", "{3934EDB8-E058-433E-82A4-00C35EBF3DDC}"
EndProject
Global
	GlobalSection(SolutionConfigurationPlatforms) = preSolution
		Debug|x64 = Debug|x64
		Debug|x86 = Debug|x86
		Release|x64 = Release|x64
		Release|x86 = Release|x86
	EndGlobalSection
	GlobalSection(ProjectConfigurationPlatforms) = postSolution
		{1C6A625D-0F80-41FD-AE24-B693668BED28}.Debug|x64.ActiveCfg = Debug|x64
		{1C6A625D-0F80-41FD-AE24-B693668BED28}.Debug|x64.Build.0 = Debug|x64
		{1C6A625D-0F80-41FD-AE24-B693668BED28}.Debug|x86.ActiveCfg = Debug|Win32
		{1C6A625D-0F80-41FD-AE24-B693668BED28}.Debug|x86.Build.0 = Debug|Win32
		{1C6A625D-0F80-41FD-AE24-B693668BED28}.Release|x64.ActiveCfg = Release|x64
		{1C6A625D-0F80-41FD-AE24-B693668BED28}.Release|x64.Build.0 = Release|x64
		{1C6A625D-0F80-41FD-AE24-B693668BED28}.Release|x86.ActiveCfg = Release|Win32
		{1C6A625D-0F80-41FD-AE24-B693668BED28}.Release|x86.Build.0 = Release|Win32
		{3934EDB8-E058-433E-82A4-00C35EBF3DDC}.Debug|x64.ActiveCfg = Debug|x64
		{3934EDB8-E058-433E-82A4-00C35EBF3DDC}.Debug|x64.Build.0 = Debug|x64
		{3934EDB8-E058-433E-82A4-00C35EBF3DDC}.Debug|x86.ActiveCfg = Debug|Win32
		{3934EDB8-E058-433E-82A4-00C35EBF3DDC}.Debug|x86.Build.0 = Debug|Win32
		{3934EDB8-E058-433E-82A4-00C35EBF3DDC}.Release|x64.ActiveCfg = Release|x64
		{3934EDB8-E058-433E-82A4-00C35EBF3DDC}.Release|x64.Build.0 = Release|x64
		{3934EDB8-E058-433E-82A4-00C35EBF3DDC}.Release|x86.ActiveCfg = Release|Win32
		{3934EDB8-E058-433E-82A4-00C35EBF3DDC}.Release|x86.Build.0 = Release|Win32
	EndGlobalSection
	GlobalSection(SolutionProperties) = preSolution
		HideSolutionNode = FALSE
	EndGlobalSection
	GlobalSection(ExtensibilityGlobals) = postSolution
		SolutionGuid = {732B8764-C730-44CD-9617-D2A01395414F}
	EndGlobalSection
EndGlobal
